{
  "name": "gitlawb-sidecar",
  "version": "0.1.0",
  "lockfileVersion": 3,
  "requires": true,
  "packages": {
    "": {
      "name": "gitlawb-sidecar",
      "version": "0.1.0",
      "license": "MIT",
      "dependencies": {
        "@gitlawb/gl": "0.7.1"
      },
      "bin": {
        "gitlawb-sidecar": "dist/cli.js"
      },
      "devDependencies": {
        "@types/node": "^22.17.0",
        "typescript": "^5.9.2"
      },
      "engines": {
        "node": ">=20"
      }
    },
    "node_modules/@gitlawb/gl": {
      "version": "0.7.1",
      "resolved": "https://registry.npmjs.org/@gitlawb/gl/-/gl-0.7.1.tgz",
      "integrity": "sha512-YC8YB+SfVkrMi50tai1ABbY1e64uGGQGvkNvH1RoveR2j4i/LkZ8oQO4PI8+kO5FW8j3oJJxq+CpTHqasmS4pQ==",
      "hasInstallScript": true,
      "license": "MIT",
      "bin": {
        "git-remote-gitlawb": "bin/git-remote-gitlawb",
        "gl": "bin/gl"
      },
      "optionalDependencies": {
        "@gitlawb/gl-darwin-arm64": "0.7.1",
        "@gitlawb/gl-darwin-x64": "0.7.1",
        "@gitlawb/gl-linux-arm64": "0.7.1",
        "@gitlawb/gl-linux-x64": "0.7.1"
      }
    },
    "node_modules/@gitlawb/gl-darwin-arm64": {
      "version": "0.7.1",
      "resolved": "https://registry.npmjs.org/@gitlawb/gl-darwin-arm64/-/gl-darwin-arm64-0.7.1.tgz",
      "integrity": "sha512-GFDbo31ePZfmwGU8XKkG7USUnfitrHmxnjKiF5RQlGQNsWUR0bRrYZ9N3uFKrtku5xVfaAtw2aZux9bEP3+5ag==",
      "cpu": [
        "arm64"
      ],
      "license": "MIT",
      "optional": true,
      "os": [
        "darwin"
      ]
    },
    "node_modules/@gitlawb/gl-darwin-x64": {
      "version": "0.7.1",
      "resolved": "https://registry.npmjs.org/@gitlawb/gl-darwin-x64/-/gl-darwin-x64-0.7.1.tgz",
      "integrity": "sha512-/PfoOof/wffEOeXeUNZhDxsNeqnjhcGXicgtnyZdyRrlAqju9xJagOnCh7n2QLFE/26g09WZPnjWgj9kViodWQ==",
      "cpu": [
        "x64"
      ],
      "license": "MIT",
      "optional": true,
      "os": [
        "darwin"
      ]
    },
    "node_modules/@gitlawb/gl-linux-arm64": {
      "version": "0.7.1",
      "resolved": "https://registry.npmjs.org/@gitlawb/gl-linux-arm64/-/gl-linux-arm64-0.7.1.tgz",
      "integrity": "sha512-XpHg1ZVYp3/FZZ0RRW3ZX1fMArXkT1pw5+1cGCCNZZZTUD7iZ1ginuUC9W2wkIIRnLYeIZMAG8JUHAaG67GyHw==",
      "cpu": [
        "arm64"
      ],
      "license": "MIT",
      "optional": true,
      "os": [
        "linux"
      ]
    },
    "node_modules/@gitlawb/gl-linux-x64": {
      "version": "0.7.1",
      "resolved": "https://registry.npmjs.org/@gitlawb/gl-linux-x64/-/gl-linux-x64-0.7.1.tgz",
      "integrity": "sha512-Q5DO4OuLWuo7Rbggws5EY5x5ynQmd7nuPjNmMNho0F2U18ZxeyGLTWLxH3QR2zybgJ/JF7wLIzZIDCeVLtSR0A==",
      "cpu": [
        "x64"
      ],
      "license": "MIT",
      "optional": true,
      "os": [
        "linux"
      ]
    },
    "node_modules/@types/node": {
      "version": "22.20.1",
      "resolved": "https://registry.npmjs.org/@types/node/-/node-22.20.1.tgz",
      "integrity": "sha512-EANqOCF9QFyra+4pfxUcX9STKJpCLjMbObVzljIJomAWSnuSIEAvyzEU53GaajbXJEgdh0iEcPL+DGvpUd4k1Q==",
      "dev": true,
      "license": "MIT",
      "dependencies": {
        "undici-types": "~6.21.0"
      }
    },
    "node_modules/typescript": {
      "version": "5.9.3",
      "resolved": "https://registry.npmjs.org/typescript/-/typescript-5.9.3.tgz",
      "integrity": "sha512-jl1vZzPDinLr9eUt3J/t7V6FgNEw9QjvBPdysz9KfQDD41fQrC2Y4vKQdiaUpFT4bXlb1RHhLpp8wtm6M5TgSw==",
      "dev": true,
      "license": "Apache-2.0",
      "bin": {
        "tsc": "bin/tsc",
        "tsserver": "bin/tsserver"
      },
      "engines": {
        "node": ">=14.17"
      }
    },
    "node_modules/undici-types": {
      "version": "6.21.0",
      "resolved": "https://registry.npmjs.org/undici-types/-/undici-types-6.21.0.tgz",
      "integrity": "sha512-iwDZqg0QAGrg9Rav5H4n0M64c3mkR59cJ6wQp+7C4nI0gsmExaedaYLNO44eT4AtBBwjbTiGPMlt2Md0T9H9JQ==",
      "dev": true,
      "license": "MIT"
    }
  }
}
